<?xml version="1.0" encoding="utf-8"?>
<Project ToolsVersion="4.0" xmlns="http://schemas.microsoft.com/developer/msbuild/2003">
  <ItemGroup>
    <Filter Include="Archivos de recursos">
      <UniqueIdentifier>{67DA6AB6-F800-4c08-8B7A-83BB121AAD01}</UniqueIdentifier>
      <Extensions>rc;ico;cur;bmp;dlg;rc2;rct;bin;rgs;gif;jpg;jpeg;jpe;resx;tiff;tif;png;wav;mfcribbon-ms</Extensions>
    </Filter>
    <Filter Include="Sources">
      <UniqueIdentifier>{4FC737F1-C7A5-4376-A066-2A32D752A2FF}</UniqueIdentifier>
      <Extensions>cpp;c;cc;cxx;def;odl;idl;hpj;bat;asm;asmx</Extensions>
    </Filter>
    <Filter Include="Headers">
      <UniqueIdentifier>{93995380-89BD-4b04-88EB-625FBE52EBFB}</UniqueIdentifier>
      <Extensions>h;hh;hpp;hxx;hm;inl;inc;ipp;xsd</Extensions>
    </Filter>
  </ItemGroup>
  <ItemGroup>
    <ClCompile Include="sources\dungeon.c">
      <Filter>Sources</Filter>
    </ClCompile>
    <ClCompile Include="sources\dungeon_utils.c">
      <Filter>Sources</Filter>
    </ClCompile>
    <ClCompile Include="sources\game.c">
      <Filter>Sources</Filter>
    </ClCompile>
    <ClCompile Include="sources\main.c">
      <Filter>Sources</Filter>
    </ClCompile>
    <ClCompile Include="sources\menu.c">
      <Filter>Sources</Filter>
    </ClCompile>
    <ClCompile Include="sources\room.c">
      <Filter>Sources</Filter>
    </ClCompile>
    <ClCompile Include="sources\state.c">
      <Filter>Sources</Filter>
    </ClCompile>
    <ClCompile Include="sources\utils.c">
      <Filter>Sources</Filter>
    </ClCompile>
    <ClCompile Include="sources\wall.c">
      <Filter>Sources</Filter>
    </ClCompile>
  </ItemGroup>
  <ItemGroup>
    <ClInclude Include="headers\common.h">
      <Filter>Headers</Filter>
    </ClInclude>
    <ClInclude Include="headers\dungeon.h">
      <Filter>Headers</Filter>
    </ClInclude>
    <ClInclude Include="headers\dungeon_utils.h">
      <Filter>Headers</Filter>
    </ClInclude>
    <ClInclude Include="headers\game.h">
      <Filter>Headers</Filter>
    </ClInclude>
    <ClInclude Include="headers\menu.h">
      <Filter>Headers</Filter>
    </ClInclude>
    <ClInclude Include="headers\room.h">
      <Filter>Headers</Filter>
    </ClInclude>
    <ClInclude Include="headers\state.h">
      <Filter>Headers</Filter>
    </ClInclude>
    <ClInclude Include="headers\utils.h">
      <Filter>Headers</Filter>
    </ClInclude>
    <ClInclude Include="headers\wall.h">
      <Filter>Headers</Filter>
    </ClInclude>
  </ItemGroup>
</Project>