
Microsoft Visual Studio Solution File, Format Version 12.00
# Visual Studio Version 16
VisualStudioVersion = 16.0.29609.76
MinimumVisualStudioVersion = 10.0.40219.1
Project("{8BC9CEB8-8B4A-11D0-8D11-00A0C91BC942}") = "The Dungeon", "The Dungeon\The Dungeon.vcxproj", "{7ED24C07-5749-41AA-872C-8600B2B2E898}"
EndProject
Project("{8BC9CEB8-8B4A-11D0-8D11-00A0C91BC942}") = "Seminario 2 2019-2020", "Seminario 2 2019-2020\Seminario 2 2019-2020.vcxproj", "{E18D1F0D-3167-4AAD-A64A-2130BC1EEDDD}"
EndProject
Project("{8BC9CEB8-8B4A-11D0-8D11-00A0C91BC942}") = "Seminario 2 2019-2020 ejercicio 6 CAT", "Seminario 2 2019-2020 ejercicio 6 CAT\Seminario 2 2019-2020 ejercicio 6 CAT.vcxproj", "{8E08272A-FDE3-4688-AC7B-A39542078FEA}"
EndProject
Project("{8BC9CEB8-8B4A-11D0-8D11-00A0C91BC942}") = "Seminario 3 2019-2020", "Seminario 3 2019-2020\Seminario 3 2019-2020.vcxproj", "{B4F66C1B-5B33-4B5A-AF25-863E80FCE7A3}"
EndProject
Project("{8BC9CEB8-8B4A-11D0-8D11-00A0C91BC942}") = "Seminario 4 2019-2020", "Seminario 4 2019-2020\Seminario 4 2019-2020.vcxproj", "{8835BA75-F5A5-46A4-833C-56F3FD512133}"
EndProject
Global
	GlobalSection(SolutionConfigurationPlatforms) = preSolution
		Debug|x64 = Debug|x64
		Debug|x86 = Debug|x86
		Release|x64 = Release|x64
		Release|x86 = Release|x86
	EndGlobalSection
	GlobalSection(ProjectConfigurationPlatforms) = postSolution
		{7ED24C07-5749-41AA-872C-8600B2B2E898}.Debug|x64.ActiveCfg = Debug|x64
		{7ED24C07-5749-41AA-872C-8600B2B2E898}.Debug|x64.Build.0 = Debug|x64
		{7ED24C07-5749-41AA-872C-8600B2B2E898}.Debug|x86.ActiveCfg = Debug|Win32
		{7ED24C07-5749-41AA-872C-8600B2B2E898}.Debug|x86.Build.0 = Debug|Win32
		{7ED24C07-5749-41AA-872C-8600B2B2E898}.Release|x64.ActiveCfg = Release|x64
		{7ED24C07-5749-41AA-872C-8600B2B2E898}.Release|x64.Build.0 = Release|x64
		{7ED24C07-5749-41AA-872C-8600B2B2E898}.Release|x86.ActiveCfg = Release|Win32
		{7ED24C07-5749-41AA-872C-8600B2B2E898}.Release|x86.Build.0 = Release|Win32
		{E18D1F0D-3167-4AAD-A64A-2130BC1EEDDD}.Debug|x64.ActiveCfg = Debug|x64
		{E18D1F0D-3167-4AAD-A64A-2130BC1EEDDD}.Debug|x64.Build.0 = Debug|x64
		{E18D1F0D-3167-4AAD-A64A-2130BC1EEDDD}.Debug|x86.ActiveCfg = Debug|Win32
		{E18D1F0D-3167-4AAD-A64A-2130BC1EEDDD}.Debug|x86.Build.0 = Debug|Win32
		{E18D1F0D-3167-4AAD-A64A-2130BC1EEDDD}.Release|x64.ActiveCfg = Release|x64
		{E18D1F0D-3167-4AAD-A64A-2130BC1EEDDD}.Release|x64.Build.0 = Release|x64
		{E18D1F0D-3167-4AAD-A64A-2130BC1EEDDD}.Release|x86.ActiveCfg = Release|Win32
		{E18D1F0D-3167-4AAD-A64A-2130BC1EEDDD}.Release|x86.Build.0 = Release|Win32
		{8E08272A-FDE3-4688-AC7B-A39542078FEA}.Debug|x64.ActiveCfg = Debug|x64
		{8E08272A-FDE3-4688-AC7B-A39542078FEA}.Debug|x64.Build.0 = Debug|x64
		{8E08272A-FDE3-4688-AC7B-A39542078FEA}.Debug|x86.ActiveCfg = Debug|Win32
		{8E08272A-FDE3-4688-AC7B-A39542078FEA}.Debug|x86.Build.0 = Debug|Win32
		{8E08272A-FDE3-4688-AC7B-A39542078FEA}.Release|x64.ActiveCfg = Release|x64
		{8E08272A-FDE3-4688-AC7B-A39542078FEA}.Release|x64.Build.0 = Release|x64
		{8E08272A-FDE3-4688-AC7B-A39542078FEA}.Release|x86.ActiveCfg = Release|Win32
		{8E08272A-FDE3-4688-AC7B-A39542078FEA}.Release|x86.Build.0 = Release|Win32
		{B4F66C1B-5B33-4B5A-AF25-863E80FCE7A3}.Debug|x64.ActiveCfg = Debug|x64
		{B4F66C1B-5B33-4B5A-AF25-863E80FCE7A3}.Debug|x64.Build.0 = Debug|x64
		{B4F66C1B-5B33-4B5A-AF25-863E80FCE7A3}.Debug|x86.ActiveCfg = Debug|Win32
		{B4F66C1B-5B33-4B5A-AF25-863E80FCE7A3}.Debug|x86.Build.0 = Debug|Win32
		{B4F66C1B-5B33-4B5A-AF25-863E80FCE7A3}.Release|x64.ActiveCfg = Release|x64
		{B4F66C1B-5B33-4B5A-AF25-863E80FCE7A3}.Release|x64.Build.0 = Release|x64
		{B4F66C1B-5B33-4B5A-AF25-863E80FCE7A3}.Release|x86.ActiveCfg = Release|Win32
		{B4F66C1B-5B33-4B5A-AF25-863E80FCE7A3}.Release|x86.Build.0 = Release|Win32
		{8835BA75-F5A5-46A4-833C-56F3FD512133}.Debug|x64.ActiveCfg = Debug|x64
		{8835BA75-F5A5-46A4-833C-56F3FD512133}.Debug|x64.Build.0 = Debug|x64
		{8835BA75-F5A5-46A4-833C-56F3FD512133}.Debug|x86.ActiveCfg = Debug|Win32
		{8835BA75-F5A5-46A4-833C-56F3FD512133}.Debug|x86.Build.0 = Debug|Win32
		{8835BA75-F5A5-46A4-833C-56F3FD512133}.Release|x64.ActiveCfg = Release|x64
		{8835BA75-F5A5-46A4-833C-56F3FD512133}.Release|x64.Build.0 = Release|x64
		{8835BA75-F5A5-46A4-833C-56F3FD512133}.Release|x86.ActiveCfg = Release|Win32
		{8835BA75-F5A5-46A4-833C-56F3FD512133}.Release|x86.Build.0 = Release|Win32
	EndGlobalSection
	GlobalSection(SolutionProperties) = preSolution
		HideSolutionNode = FALSE
	EndGlobalSection
	GlobalSection(ExtensibilityGlobals) = postSolution
		SolutionGuid = {3A0109CF-1EC2-48C7-8E3A-FCACD168F9E3}
	EndGlobalSection
EndGlobal
